
Microsoft Visual Studio Solution File, Format Version 12.00
# Visual Studio Version 17
VisualStudioVersion = 17.9.34728.123
MinimumVisualStudioVersion = 10.0.40219.1
Project("{8BC9CEB8-8B4A-11D0-8D11-00A0C91BC942}") = "Indexing", "Indexing\Indexing.vcxproj", "{805EC65F-BAB5-454B-B991-F49332742A66}"
EndProject
Project("{8BC9CEB8-8B4A-11D0-8D11-00A0C91BC942}") = "VectorAdd", "VectorAdd\VectorAdd.vcxproj", "{AB5D102A-6680-41E5-8A23-9B7569D90A54}"
EndProject
Project("{8BC9CEB8-8B4A-11D0-8D11-00A0C91BC942}") = "MatMul", "MatMul\MatMul.vcxproj", "{801E9424-9DA3-40FD-8293-E7DFE46642A4}"
EndProject
Global
	GlobalSection(SolutionConfigurationPlatforms) = preSolution
		Debug|x64 = Debug|x64
		Release|x64 = Release|x64
	EndGlobalSection
	GlobalSection(ProjectConfigurationPlatforms) = postSolution
		{805EC65F-BAB5-454B-B991-F49332742A66}.Debug|x64.ActiveCfg = Debug|x64
		{805EC65F-BAB5-454B-B991-F49332742A66}.Debug|x64.Build.0 = Debug|x64
		{805EC65F-BAB5-454B-B991-F49332742A66}.Release|x64.ActiveCfg = Release|x64
		{805EC65F-BAB5-454B-B991-F49332742A66}.Release|x64.Build.0 = Release|x64
		{AB5D102A-6680-41E5-8A23-9B7569D90A54}.Debug|x64.ActiveCfg = Debug|x64
		{AB5D102A-6680-41E5-8A23-9B7569D90A54}.Debug|x64.Build.0 = Debug|x64
		{AB5D102A-6680-41E5-8A23-9B7569D90A54}.Release|x64.ActiveCfg = Release|x64
		{AB5D102A-6680-41E5-8A23-9B7569D90A54}.Release|x64.Build.0 = Release|x64
		{801E9424-9DA3-40FD-8293-E7DFE46642A4}.Debug|x64.ActiveCfg = Debug|x64
		{801E9424-9DA3-40FD-8293-E7DFE46642A4}.Debug|x64.Build.0 = Debug|x64
		{801E9424-9DA3-40FD-8293-E7DFE46642A4}.Release|x64.ActiveCfg = Release|x64
		{801E9424-9DA3-40FD-8293-E7DFE46642A4}.Release|x64.Build.0 = Release|x64
	EndGlobalSection
	GlobalSection(SolutionProperties) = preSolution
		HideSolutionNode = FALSE
	EndGlobalSection
	GlobalSection(ExtensibilityGlobals) = postSolution
		SolutionGuid = {EA22A247-0DF4-4BE2-B13B-6481B30B34BB}
	EndGlobalSection
EndGlobal
